
Microsoft Visual Studio Solution File, Format Version 12.00
# Visual Studio Version 17
VisualStudioVersion = 17.1.32407.343
MinimumVisualStudioVersion = 10.0.40219.1
Project("{FAE04EC0-301F-11D3-BF4B-00C04F79EFBC}") = "YGOArchivees", "YGOArchivees\YGOArchivees.csproj", "{6579B8BC-5F7C-4109-818C-67D295798916}"
EndProject
Global
	GlobalSection(SolutionConfigurationPlatforms) = preSolution
		Debug|Any CPU = Debug|Any CPU
		Release|Any CPU = Release|Any CPU
	EndGlobalSection
	GlobalSection(ProjectConfigurationPlatforms) = postSolution
		{6579B8BC-5F7C-4109-818C-67D295798916}.Debug|Any CPU.ActiveCfg = Debug|Any CPU
		{6579B8BC-5F7C-4109-818C-67D295798916}.Debug|Any CPU.Build.0 = Debug|Any CPU
		{6579B8BC-5F7C-4109-818C-67D295798916}.Release|Any CPU.ActiveCfg = Release|Any CPU
		{6579B8BC-5F7C-4109-818C-67D295798916}.Release|Any CPU.Build.0 = Release|Any CPU
	EndGlobalSection
	GlobalSection(SolutionProperties) = preSolution
		HideSolutionNode = FALSE
	EndGlobalSection
	GlobalSection(ExtensibilityGlobals) = postSolution
		SolutionGuid = {BCBE4BDB-C0F3-47EC-89D1-B81622341824}
	EndGlobalSection
EndGlobal
